
Microsoft Visual Studio Solution File, Format Version 12.00
# Visual Studio Version 18
VisualStudioVersion = 18.3.11408.92
MinimumVisualStudioVersion = 10.0.40219.1
Project("{FAE04EC0-301F-11D3-BF4B-00C04F79EFBC}") = "PureWave.Web", "PureWave.Web.csproj", "{885B88CB-893F-43AE-A05B-C8806C12A438}"
EndProject
Project("{FAE04EC0-301F-11D3-BF4B-00C04F79EFBC}") = "PureWave.Admin", "..\PureWave.Admin\PureWave.Admin.csproj", "{C9F83C1C-DC15-4687-AD4B-C591D1C7D179}"
EndProject
Global
	GlobalSection(SolutionConfigurationPlatforms) = preSolution
		Debug|Any CPU = Debug|Any CPU
		Debug|x64 = Debug|x64
		Debug|x86 = Debug|x86
		Release|Any CPU = Release|Any CPU
		Release|x64 = Release|x64
		Release|x86 = Release|x86
	EndGlobalSection
	GlobalSection(ProjectConfigurationPlatforms) = postSolution
		{885B88CB-893F-43AE-A05B-C8806C12A438}.Debug|Any CPU.ActiveCfg = Debug|Any CPU
		{885B88CB-893F-43AE-A05B-C8806C12A438}.Debug|Any CPU.Build.0 = Debug|Any CPU
		{885B88CB-893F-43AE-A05B-C8806C12A438}.Debug|x64.ActiveCfg = Debug|Any CPU
		{885B88CB-893F-43AE-A05B-C8806C12A438}.Debug|x64.Build.0 = Debug|Any CPU
		{885B88CB-893F-43AE-A05B-C8806C12A438}.Debug|x86.ActiveCfg = Debug|Any CPU
		{885B88CB-893F-43AE-A05B-C8806C12A438}.Debug|x86.Build.0 = Debug|Any CPU
		{885B88CB-893F-43AE-A05B-C8806C12A438}.Release|Any CPU.ActiveCfg = Release|Any CPU
		{885B88CB-893F-43AE-A05B-C8806C12A438}.Release|Any CPU.Build.0 = Release|Any CPU
		{885B88CB-893F-43AE-A05B-C8806C12A438}.Release|x64.ActiveCfg = Release|Any CPU
		{885B88CB-893F-43AE-A05B-C8806C12A438}.Release|x64.Build.0 = Release|Any CPU
		{885B88CB-893F-43AE-A05B-C8806C12A438}.Release|x86.ActiveCfg = Release|Any CPU
		{885B88CB-893F-43AE-A05B-C8806C12A438}.Release|x86.Build.0 = Release|Any CPU
		{C9F83C1C-DC15-4687-AD4B-C591D1C7D179}.Debug|Any CPU.ActiveCfg = Debug|Any CPU
		{C9F83C1C-DC15-4687-AD4B-C591D1C7D179}.Debug|Any CPU.Build.0 = Debug|Any CPU
		{C9F83C1C-DC15-4687-AD4B-C591D1C7D179}.Debug|x64.ActiveCfg = Debug|Any CPU
		{C9F83C1C-DC15-4687-AD4B-C591D1C7D179}.Debug|x64.Build.0 = Debug|Any CPU
		{C9F83C1C-DC15-4687-AD4B-C591D1C7D179}.Debug|x86.ActiveCfg = Debug|Any CPU
		{C9F83C1C-DC15-4687-AD4B-C591D1C7D179}.Debug|x86.Build.0 = Debug|Any CPU
		{C9F83C1C-DC15-4687-AD4B-C591D1C7D179}.Release|Any CPU.ActiveCfg = Release|Any CPU
		{C9F83C1C-DC15-4687-AD4B-C591D1C7D179}.Release|Any CPU.Build.0 = Release|Any CPU
		{C9F83C1C-DC15-4687-AD4B-C591D1C7D179}.Release|x64.ActiveCfg = Release|Any CPU
		{C9F83C1C-DC15-4687-AD4B-C591D1C7D179}.Release|x64.Build.0 = Release|Any CPU
		{C9F83C1C-DC15-4687-AD4B-C591D1C7D179}.Release|x86.ActiveCfg = Release|Any CPU
		{C9F83C1C-DC15-4687-AD4B-C591D1C7D179}.Release|x86.Build.0 = Release|Any CPU
	EndGlobalSection
	GlobalSection(SolutionProperties) = preSolution
		HideSolutionNode = FALSE
	EndGlobalSection
	GlobalSection(ExtensibilityGlobals) = postSolution
		SolutionGuid = {1578B152-97CC-4A46-B88B-D644E20C1D03}
	EndGlobalSection
EndGlobal
